{
  "name": "heatflask",
  "version": "0.5.0",
  "lockfileVersion": 1,
  "requires": true,
  "dependencies": {
    "@msgpack/msgpack": {
      "version": "1.12.0",
      "resolved": "https://registry.npmjs.org/@msgpack/msgpack/-/msgpack-1.12.0.tgz",
      "integrity": "sha512-7X4+Mt/TAmxhIR+Hryz0ykxnE9YC3sRH+HhcJ//1l7Z0aJD6YFCkD8UpFzXgpWBlAmybG4cnNVdd2GO6Gh8Pbg=="
    },
    "d3-queue": {
      "version": "2.0.3",
      "resolved": "https://registry.npmjs.org/d3-queue/-/d3-queue-2.0.3.tgz",
      "integrity": "sha1-B/vaOsrlNYqcUpmq+ICt8JU+0sI="
    },
    "dayjs": {
      "version": "1.8.22",
      "resolved": "https://registry.npmjs.org/dayjs/-/dayjs-1.8.22.tgz",
      "integrity": "sha512-N8IXfxBD62Y9cKTuuuSoOlCXRnnzaTj1vu91r855iq6FbY5cZqOZnW/95nUn6kJiR+W9PHHrLykEoQOe6fUKxQ=="
    },
    "downloadjs": {
      "version": "1.4.7",
      "resolved": "https://registry.npmjs.org/downloadjs/-/downloadjs-1.4.7.tgz",
      "integrity": "sha1-9p+W+UDg0FU9rCkROYZaPNAQHjw="
    },
    "gif.js.optimized": {
      "version": "1.0.1",
      "resolved": "https://registry.npmjs.org/gif.js.optimized/-/gif.js.optimized-1.0.1.tgz",
      "integrity": "sha1-IPpUA2VN/sQCrl9B8jhb69gJkQU="
    },
    "leaflet": {
      "version": "1.6.0",
      "resolved": "https://registry.npmjs.org/leaflet/-/leaflet-1.6.0.tgz",
      "integrity": "sha512-CPkhyqWUKZKFJ6K8umN5/D2wrJ2+/8UIpXppY7QDnUZW5bZL5+SEI2J7GBpwh4LIupOKqbNSQXgqmrEJopHVNQ=="
    },
    "leaflet-easybutton": {
      "version": "2.4.0",
      "resolved": "https://registry.npmjs.org/leaflet-easybutton/-/leaflet-easybutton-2.4.0.tgz",
      "integrity": "sha512-O+qsQq4zTF6ds8VClnytobTH/MKalctlPpiA8L+bNKHP14J3lgJpvEd/jSpq9mHTI6qOzRAvbQX6wS6qNwThvg==",
      "requires": {
        "leaflet": "^1.0.1"
      }
    },
    "leaflet-image": {
      "version": "0.4.0",
      "resolved": "https://registry.npmjs.org/leaflet-image/-/leaflet-image-0.4.0.tgz",
      "integrity": "sha1-6E8i/2KI8JubDi9RpIUKnweWjME=",
      "requires": {
        "d3-queue": "2.0.3"
      }
    },
    "persistent-websocket": {
      "version": "1.0.2",
      "resolved": "https://registry.npmjs.org/persistent-websocket/-/persistent-websocket-1.0.2.tgz",
      "integrity": "sha1-gi9m9ge4/oLyPmOnwaQJrQ8AVBU="
    },
    "pikaday": {
      "version": "1.8.0",
      "resolved": "https://registry.npmjs.org/pikaday/-/pikaday-1.8.0.tgz",
      "integrity": "sha512-SgGxMYX0NHj9oQnMaSyAipr2gOrbB4Lfs/TJTb6H6hRHs39/5c5VZi73Q8hr53+vWjdn6HzkWcj8Vtl3c9ziaA=="
    },
    "simple-datatables": {
      "version": "2.1.9",
      "resolved": "https://registry.npmjs.org/simple-datatables/-/simple-datatables-2.1.9.tgz",
      "integrity": "sha512-L8FLjmUXsth7s+DU5pu/TlJiU7XSqFttJ9yayg4ydpH7kfUgukzLT4ZQy9A/W37+75K92vaTSdlMxA40pGxvew==",
      "requires": {
        "dayjs": "^1.8.14"
      }
    }
  }
}
